// !$*UTF8*$!
{
	archiveVersion = 1;
	classes = {
	};
	objectVersion = 52;
	objects = {

/* Begin PBXBuildFile section */
		CE38218F263A8FDD00400F58 /* detailVC.swift in Sources */ = {isa = PBXBuildFile; fileRef = CE38218E263A8FDD00400F58 /* detailVC.swift */; };
		CE4A36A9264D07C00034D443 /* SwiftyJSON in Frameworks */ = {isa = PBXBuildFile; productRef = CE4A36A8264D07C00034D443 /* SwiftyJSON */; };
		CE4A36AD264D07D80034D443 /* Alamofire in Frameworks */ = {isa = PBXBuildFile; productRef = CE4A36AC264D07D80034D443 /* Alamofire */; };
		CEDB439426329C29004EE4FA /* AppDelegate.swift in Sources */ = {isa = PBXBuildFile; fileRef = CEDB439326329C29004EE4FA /* AppDelegate.swift */; };
		CEDB439626329C29004EE4FA /* SceneDelegate.swift in Sources */ = {isa = PBXBuildFile; fileRef = CEDB439526329C29004EE4FA /* SceneDelegate.swift */; };
		CEDB439826329C29004EE4FA /* ViewController.swift in Sources */ = {isa = PBXBuildFile; fileRef = CEDB439726329C29004EE4FA /* ViewController.swift */; };
		CEDB439B26329C29004EE4FA /* Main.storyboard in Resources */ = {isa = PBXBuildFile; fileRef = CEDB439926329C29004EE4FA /* Main.storyboard */; };
		CEDB439D26329C29004EE4FA /* Assets.xcassets in Resources */ = {isa = PBXBuildFile; fileRef = CEDB439C26329C29004EE4FA /* Assets.xcassets */; };
		CEDB43A026329C29004EE4FA /* LaunchScreen.storyboard in Resources */ = {isa = PBXBuildFile; fileRef = CEDB439E26329C29004EE4FA /* LaunchScreen.storyboard */; };
		CEDB43B12632A918004EE4FA /* citiesTVC.swift in Sources */ = {isa = PBXBuildFile; fileRef = CEDB43B02632A918004EE4FA /* citiesTVC.swift */; };
		CEDB43B42632AA78004EE4FA /* citiesNameCell.swift in Sources */ = {isa = PBXBuildFile; fileRef = CEDB43B32632AA78004EE4FA /* citiesNameCell.swift */; };
/* End PBXBuildFile section */

/* Begin PBXFileReference section */
		CE38218E263A8FDD00400F58 /* detailVC.swift */ = {isa = PBXFileReference; lastKnownFileType = sourcecode.swift; path = detailVC.swift; sourceTree = "<group>"; };
		CEDB439026329C29004EE4FA /* weatherkononova.app */ = {isa = PBXFileReference; explicitFileType = wrapper.application; includeInIndex = 0; path = weatherkononova.app; sourceTree = BUILT_PRODUCTS_DIR; };
		CEDB439326329C29004EE4FA /* AppDelegate.swift */ = {isa = PBXFileReference; lastKnownFileType = sourcecode.swift; path = AppDelegate.swift; sourceTree = "<group>"; };
		CEDB439526329C29004EE4FA /* SceneDelegate.swift */ = {isa = PBXFileReference; lastKnownFileType = sourcecode.swift; path = SceneDelegate.swift; sourceTree = "<group>"; };
		CEDB439726329C29004EE4FA /* ViewController.swift */ = {isa = PBXFileReference; lastKnownFileType = sourcecode.swift; path = ViewController.swift; sourceTree = "<group>"; };
		CEDB439A26329C29004EE4FA /* Base */ = {isa = PBXFileReference; lastKnownFileType = file.storyboard; name = Base; path = Base.lproj/Main.storyboard; sourceTree = "<group>"; };
		CEDB439C26329C29004EE4FA /* Assets.xcassets */ = {isa = PBXFileReference; lastKnownFileType = folder.assetcatalog; path = Assets.xcassets; sourceTree = "<group>"; };
		CEDB439F26329C29004EE4FA /* Base */ = {isa = PBXFileReference; lastKnownFileType = file.storyboard; name = Base; path = Base.lproj/LaunchScreen.storyboard; sourceTree = "<group>"; };
		CEDB43A126329C29004EE4FA /* Info.plist */ = {isa = PBXFileReference; lastKnownFileType = text.plist.xml; path = Info.plist; sourceTree = "<group>"; };
		CEDB43B02632A918004EE4FA /* citiesTVC.swift */ = {isa = PBXFileReference; lastKnownFileType = sourcecode.swift; path = citiesTVC.swift; sourceTree = "<group>"; };
		CEDB43B32632AA78004EE4FA /* citiesNameCell.swift */ = {isa = PBXFileReference; lastKnownFileType = sourcecode.swift; path = citiesNameCell.swift; sourceTree = "<group>"; };
/* End PBXFileReference section */

/* Begin PBXFrameworksBuildPhase section */
		CEDB438D26329C29004EE4FA /* Frameworks */ = {
			isa = PBXFrameworksBuildPhase;
			buildActionMask = 2147483647;
			files = (
				CE4A36A9264D07C00034D443 /* SwiftyJSON in Frameworks */,
				CE4A36AD264D07D80034D443 /* Alamofire in Frameworks */,
			);
			runOnlyForDeploymentPostprocessing = 0;
		};
/* End PBXFrameworksBuildPhase section */

/* Begin PBXGroup section */
		CEDB438726329C28004EE4FA = {
			isa = PBXGroup;
			children = (
				CE38218E263A8FDD00400F58 /* detailVC.swift */,
				CEDB43B32632AA78004EE4FA /* citiesNameCell.swift */,
				CEDB43B02632A918004EE4FA /* citiesTVC.swift */,
				CEDB439226329C29004EE4FA /* weatherkononova */,
				CEDB439126329C29004EE4FA /* Products */,
			);
			sourceTree = "<group>";
		};
		CEDB439126329C29004EE4FA /* Products */ = {
			isa = PBXGroup;
			children = (
				CEDB439026329C29004EE4FA /* weatherkononova.app */,
			);
			name = Products;
			sourceTree = "<group>";
		};
		CEDB439226329C29004EE4FA /* weatherkononova */ = {
			isa = PBXGroup;
			children = (
				CEDB439326329C29004EE4FA /* AppDelegate.swift */,
				CEDB439526329C29004EE4FA /* SceneDelegate.swift */,
				CEDB439726329C29004EE4FA /* ViewController.swift */,
				CEDB439926329C29004EE4FA /* Main.storyboard */,
				CEDB439C26329C29004EE4FA /* Assets.xcassets */,
				CEDB439E26329C29004EE4FA /* LaunchScreen.storyboard */,
				CEDB43A126329C29004EE4FA /* Info.plist */,
			);
			path = weatherkononova;
			sourceTree = "<group>";
		};
/* End PBXGroup section */

/* Begin PBXNativeTarget section */
		CEDB438F26329C29004EE4FA /* weatherkononova */ = {
			isa = PBXNativeTarget;
			buildConfigurationList = CEDB43A426329C29004EE4FA /* Build configuration list for PBXNativeTarget "weatherkononova" */;
			buildPhases = (
				CEDB438C26329C29004EE4FA /* Sources */,
				CEDB438D26329C29004EE4FA /* Frameworks */,
				CEDB438E26329C29004EE4FA /* Resources */,
			);
			buildRules = (
			);
			dependencies = (
			);
			name = weatherkononova;
			packageProductDependencies = (
				CE4A36A8264D07C00034D443 /* SwiftyJSON */,
				CE4A36AC264D07D80034D443 /* Alamofire */,
			);
			productName = weatherkononova;
			productReference = CEDB439026329C29004EE4FA /* weatherkononova.app */;
			productType = "com.apple.product-type.application";
		};
/* End PBXNativeTarget section */

/* Begin PBXProject section */
		CEDB438826329C28004EE4FA /* Project object */ = {
			isa = PBXProject;
			attributes = {
				LastSwiftUpdateCheck = 1240;
				LastUpgradeCheck = 1240;
				TargetAttributes = {
					CEDB438F26329C29004EE4FA = {
						CreatedOnToolsVersion = 12.4;
					};
				};
			};
			buildConfigurationList = CEDB438B26329C28004EE4FA /* Build configuration list for PBXProject "weatherkononova" */;
			compatibilityVersion = "Xcode 9.3";
			developmentRegion = en;
			hasScannedForEncodings = 0;
			knownRegions = (
				en,
				Base,
			);
			mainGroup = CEDB438726329C28004EE4FA;
			packageReferences = (
				CE4A36A7264D07C00034D443 /* XCRemoteSwiftPackageReference "swiftyjson" */,
				CE4A36AB264D07D80034D443 /* XCRemoteSwiftPackageReference "alamofire" */,
			);
			productRefGroup = CEDB439126329C29004EE4FA /* Products */;
			projectDirPath = "";
			projectRoot = "";
			targets = (
				CEDB438F26329C29004EE4FA /* weatherkononova */,
			);
		};
/* End PBXProject section */

/* Begin PBXResourcesBuildPhase section */
		CEDB438E26329C29004EE4FA /* Resources */ = {
			isa = PBXResourcesBuildPhase;
			buildActionMask = 2147483647;
			files = (
				CEDB43A026329C29004EE4FA /* LaunchScreen.storyboard in Resources */,
				CEDB439D26329C29004EE4FA /* Assets.xcassets in Resources */,
				CEDB439B26329C29004EE4FA /* Main.storyboard in Resources */,
			);
			runOnlyForDeploymentPostprocessing = 0;
		};
/* End PBXResourcesBuildPhase section */

/* Begin PBXSourcesBuildPhase section */
		CEDB438C26329C29004EE4FA /* Sources */ = {
			isa = PBXSourcesBuildPhase;
			buildActionMask = 2147483647;
			files = (
				CEDB43B12632A918004EE4FA /* citiesTVC.swift in Sources */,
				CEDB43B42632AA78004EE4FA /* citiesNameCell.swift in Sources */,
				CEDB439826329C29004EE4FA /* ViewController.swift in Sources */,
				CEDB439426329C29004EE4FA /* AppDelegate.swift in Sources */,
				CE38218F263A8FDD00400F58 /* detailVC.swift in Sources */,
				CEDB439626329C29004EE4FA /* SceneDelegate.swift in Sources */,
			);
			runOnlyForDeploymentPostprocessing = 0;
		};
/* End PBXSourcesBuildPhase section */

/* Begin PBXVariantGroup section */
		CEDB439926329C29004EE4FA /* Main.storyboard */ = {
			isa = PBXVariantGroup;
			children = (
				CEDB439A26329C29004EE4FA /* Base */,
			);
			name = Main.storyboard;
			sourceTree = "<group>";
		};
		CEDB439E26329C29004EE4FA /* LaunchScreen.storyboard */ = {
			isa = PBXVariantGroup;
			children = (
				CEDB439F26329C29004EE4FA /* Base */,
			);
			name = LaunchScreen.storyboard;
			sourceTree = "<group>";
		};
/* End PBXVariantGroup section */

/* Begin XCBuildConfiguration section */
		CEDB43A226329C29004EE4FA /* Debug */ = {
			isa = XCBuildConfiguration;
			buildSettings = {
				ALWAYS_SEARCH_USER_PATHS = NO;
				CLANG_ANALYZER_NONNULL = YES;
				CLANG_ANALYZER_NUMBER_OBJECT_CONVERSION = YES_AGGRESSIVE;
				CLANG_CXX_LANGUAGE_STANDARD = "gnu++14";
				CLANG_CXX_LIBRARY = "libc++";
				CLANG_ENABLE_MODULES = YES;
				CLANG_ENABLE_OBJC_ARC = YES;
				CLANG_ENABLE_OBJC_WEAK = YES;
				CLANG_WARN_BLOCK_CAPTURE_AUTORELEASING = YES;
				CLANG_WARN_BOOL_CONVERSION = YES;
				CLANG_WARN_COMMA = YES;
				CLANG_WARN_CONSTANT_CONVERSION = YES;
				CLANG_WARN_DEPRECATED_OBJC_IMPLEMENTATIONS = YES;
				CLANG_WARN_DIRECT_OBJC_ISA_USAGE = YES_ERROR;
				CLANG_WARN_DOCUMENTATION_COMMENTS = YES;
				CLANG_WARN_EMPTY_BODY = YES;
				CLANG_WARN_ENUM_CONVERSION = YES;
				CLANG_WARN_INFINITE_RECURSION = YES;
				CLANG_WARN_INT_CONVERSION = YES;
				CLANG_WARN_NON_LITERAL_NULL_CONVERSION = YES;
				CLANG_WARN_OBJC_IMPLICIT_RETAIN_SELF = YES;
				CLANG_WARN_OBJC_LITERAL_CONVERSION = YES;
				CLANG_WARN_OBJC_ROOT_CLASS = YES_ERROR;
				CLANG_WARN_QUOTED_INCLUDE_IN_FRAMEWORK_HEADER = YES;
				CLANG_WARN_RANGE_LOOP_ANALYSIS = YES;
				CLANG_WARN_STRICT_PROTOTYPES = YES;
				CLANG_WARN_SUSPICIOUS_MOVE = YES;
				CLANG_WARN_UNGUARDED_AVAILABILITY = YES_AGGRESSIVE;
				CLANG_WARN_UNREACHABLE_CODE = YES;
				CLANG_WARN__DUPLICATE_METHOD_MATCH = YES;
				COPY_PHASE_STRIP = NO;
				DEBUG_INFORMATION_FORMAT = dwarf;
				ENABLE_STRICT_OBJC_MSGSEND = YES;
				ENABLE_TESTABILITY = YES;
				GCC_C_LANGUAGE_STANDARD = gnu11;
				GCC_DYNAMIC_NO_PIC = NO;
				GCC_NO_COMMON_BLOCKS = YES;
				GCC_OPTIMIZATION_LEVEL = 0;
				GCC_PREPROCESSOR_DEFINITIONS = (
					"DEBUG=1",
					"$(inherited)",
				);
				GCC_WARN_64_TO_32_BIT_CONVERSION = YES;
				GCC_WARN_ABOUT_RETURN_TYPE = YES_ERROR;
				GCC_WARN_UNDECLARED_SELECTOR = YES;
				GCC_WARN_UNINITIALIZED_AUTOS = YES_AGGRESSIVE;
				GCC_WARN_UNUSED_FUNCTION = YES;
				GCC_WARN_UNUSED_VARIABLE = YES;
				IPHONEOS_DEPLOYMENT_TARGET = 14.4;
				MTL_ENABLE_DEBUG_INFO = INCLUDE_SOURCE;
				MTL_FAST_MATH = YES;
				ONLY_ACTIVE_ARCH = YES;
				SDKROOT = iphoneos;
				SWIFT_ACTIVE_COMPILATION_CONDITIONS = DEBUG;
				SWIFT_OPTIMIZATION_LEVEL = "-Onone";
			};
			name = Debug;
		};
		CEDB43A326329C29004EE4FA /* Release */ = {
			isa = XCBuildConfiguration;
			buildSettings = {
				ALWAYS_SEARCH_USER_PATHS = NO;
				CLANG_ANALYZER_NONNULL = YES;
				CLANG_ANALYZER_NUMBER_OBJECT_CONVERSION = YES_AGGRESSIVE;
				CLANG_CXX_LANGUAGE_STANDARD = "gnu++14";
				CLANG_CXX_LIBRARY = "libc++";
				CLANG_ENABLE_MODULES = YES;
				CLANG_ENABLE_OBJC_ARC = YES;
				CLANG_ENABLE_OBJC_WEAK = YES;
				CLANG_WARN_BLOCK_CAPTURE_AUTORELEASING = YES;
				CLANG_WARN_BOOL_CONVERSION = YES;
				CLANG_WARN_COMMA = YES;
				CLANG_WARN_CONSTANT_CONVERSION = YES;
				CLANG_WARN_DEPRECATED_OBJC_IMPLEMENTATIONS = YES;
				CLANG_WARN_DIRECT_OBJC_ISA_USAGE = YES_ERROR;
				CLANG_WARN_DOCUMENTATION_COMMENTS = YES;
				CLANG_WARN_EMPTY_BODY = YES;
				CLANG_WARN_ENUM_CONVERSION = YES;
				CLANG_WARN_INFINITE_RECURSION = YES;
				CLANG_WARN_INT_CONVERSION = YES;
				CLANG_WARN_NON_LITERAL_NULL_CONVERSION = YES;
				CLANG_WARN_OBJC_IMPLICIT_RETAIN_SELF = YES;
				CLANG_WARN_OBJC_LITERAL_CONVERSION = YES;
				CLANG_WARN_OBJC_ROOT_CLASS = YES_ERROR;
				CLANG_WARN_QUOTED_INCLUDE_IN_FRAMEWORK_HEADER = YES;
				CLANG_WARN_RANGE_LOOP_ANALYSIS = YES;
				CLANG_WARN_STRICT_PROTOTYPES = YES;
				CLANG_WARN_SUSPICIOUS_MOVE = YES;
				CLANG_WARN_UNGUARDED_AVAILABILITY = YES_AGGRESSIVE;
				CLANG_WARN_UNREACHABLE_CODE = YES;
				CLANG_WARN__DUPLICATE_METHOD_MATCH = YES;
				COPY_PHASE_STRIP = NO;
				DEBUG_INFORMATION_FORMAT = "dwarf-with-dsym";
				ENABLE_NS_ASSERTIONS = NO;
				ENABLE_STRICT_OBJC_MSGSEND = YES;
				GCC_C_LANGUAGE_STANDARD = gnu11;
				GCC_NO_COMMON_BLOCKS = YES;
				GCC_WARN_64_TO_32_BIT_CONVERSION = YES;
				GCC_WARN_ABOUT_RETURN_TYPE = YES_ERROR;
				GCC_WARN_UNDECLARED_SELECTOR = YES;
				GCC_WARN_UNINITIALIZED_AUTOS = YES_AGGRESSIVE;
				GCC_WARN_UNUSED_FUNCTION = YES;
				GCC_WARN_UNUSED_VARIABLE = YES;
				IPHONEOS_DEPLOYMENT_TARGET = 14.4;
				MTL_ENABLE_DEBUG_INFO = NO;
				MTL_FAST_MATH = YES;
				SDKROOT = iphoneos;
				SWIFT_COMPILATION_MODE = wholemodule;
				SWIFT_OPTIMIZATION_LEVEL = "-O";
				VALIDATE_PRODUCT = YES;
			};
			name = Release;
		};
		CEDB43A526329C29004EE4FA /* Debug */ = {
			isa = XCBuildConfiguration;
			buildSettings = {
				ASSETCATALOG_COMPILER_APPICON_NAME = AppIcon;
				ASSETCATALOG_COMPILER_GLOBAL_ACCENT_COLOR_NAME = AccentColor;
				CODE_SIGN_STYLE = Automatic;
				INFOPLIST_FILE = weatherkononova/Info.plist;
				LD_RUNPATH_SEARCH_PATHS = (
					"$(inherited)",
					"@executable_path/Frameworks",
				);
				PRODUCT_BUNDLE_IDENTIFIER = ru.miya.weatherkononova;
				PRODUCT_NAME = "$(TARGET_NAME)";
				SWIFT_VERSION = 5.0;
				TARGETED_DEVICE_FAMILY = "1,2";
			};
			name = Debug;
		};
		CEDB43A626329C29004EE4FA /* Release */ = {
			isa = XCBuildConfiguration;
			buildSettings = {
				ASSETCATALOG_COMPILER_APPICON_NAME = AppIcon;
				ASSETCATALOG_COMPILER_GLOBAL_ACCENT_COLOR_NAME = AccentColor;
				CODE_SIGN_STYLE = Automatic;
				INFOPLIST_FILE = weatherkononova/Info.plist;
				LD_RUNPATH_SEARCH_PATHS = (
					"$(inherited)",
					"@executable_path/Frameworks",
				);
				PRODUCT_BUNDLE_IDENTIFIER = ru.miya.weatherkononova;
				PRODUCT_NAME = "$(TARGET_NAME)";
				SWIFT_VERSION = 5.0;
				TARGETED_DEVICE_FAMILY = "1,2";
			};
			name = Release;
		};
/* End XCBuildConfiguration section */

/* Begin XCConfigurationList section */
		CEDB438B26329C28004EE4FA /* Build configuration list for PBXProject "weatherkononova" */ = {
			isa = XCConfigurationList;
			buildConfigurations = (
				CEDB43A226329C29004EE4FA /* Debug */,
				CEDB43A326329C29004EE4FA /* Release */,
			);
			defaultConfigurationIsVisible = 0;
			defaultConfigurationName = Release;
		};
		CEDB43A426329C29004EE4FA /* Build configuration list for PBXNativeTarget "weatherkononova" */ = {
			isa = XCConfigurationList;
			buildConfigurations = (
				CEDB43A526329C29004EE4FA /* Debug */,
				CEDB43A626329C29004EE4FA /* Release */,
			);
			defaultConfigurationIsVisible = 0;
			defaultConfigurationName = Release;
		};
/* End XCConfigurationList section */

/* Begin XCRemoteSwiftPackageReference section */
		CE4A36A7264D07C00034D443 /* XCRemoteSwiftPackageReference "swiftyjson" */ = {
			isa = XCRemoteSwiftPackageReference;
			repositoryURL = "http://github.com/swiftyjson/swiftyjson";
			requirement = {
				kind = upToNextMajorVersion;
				minimumVersion = 5.0.1;
			};
		};
		CE4A36AB264D07D80034D443 /* XCRemoteSwiftPackageReference "alamofire" */ = {
			isa = XCRemoteSwiftPackageReference;
			repositoryURL = "http://github.com/alamofire/alamofire";
			requirement = {
				kind = upToNextMajorVersion;
				minimumVersion = 5.4.3;
			};
		};
/* End XCRemoteSwiftPackageReference section */

/* Begin XCSwiftPackageProductDependency section */
		CE4A36A8264D07C00034D443 /* SwiftyJSON */ = {
			isa = XCSwiftPackageProductDependency;
			package = CE4A36A7264D07C00034D443 /* XCRemoteSwiftPackageReference "swiftyjson" */;
			productName = SwiftyJSON;
		};
		CE4A36AC264D07D80034D443 /* Alamofire */ = {
			isa = XCSwiftPackageProductDependency;
			package = CE4A36AB264D07D80034D443 /* XCRemoteSwiftPackageReference "alamofire" */;
			productName = Alamofire;
		};
/* End XCSwiftPackageProductDependency section */
	};
	rootObject = CEDB438826329C28004EE4FA /* Project object */;
}
